{
  "name": "@rodit/hola-client",
  "version": "0.1.0",
  "lockfileVersion": 3,
  "requires": true,
  "packages": {
    "": {
      "name": "@rodit/hola-client",
      "version": "0.1.0",
      "license": "MIT-0",
      "dependencies": {
        "bs58": "^5.0.0",
        "hi-base32": "^0.5.1",
        "tweetnacl": "^1.0.3"
      },
      "engines": {
        "node": ">=18"
      }
    },
    "node_modules/base-x": {
      "version": "4.0.1",
      "resolved": "https://registry.npmjs.org/base-x/-/base-x-4.0.1.tgz",
      "integrity": "sha512-uAZ8x6r6S3aUM9rbHGVOIsR15U/ZSc82b3ymnCPsT45Gk1DDvhDPdIgB5MrhirZWt+5K0EEPQH985kNqZgNPFw==",
      "license": "MIT"
    },
    "node_modules/bs58": {
      "version": "5.0.0",
      "resolved": "https://registry.npmjs.org/bs58/-/bs58-5.0.0.tgz",
      "integrity": "sha512-r+ihvQJvahgYT50JD05dyJNKlmmSlMoOGwn1lCcEzanPglg7TxYjioQUYehQ9mAR/+hOSd2jRc/Z2y5UxBymvQ==",
      "license": "MIT",
      "dependencies": {
        "base-x": "^4.0.0"
      }
    },
    "node_modules/hi-base32": {
      "version": "0.5.1",
      "resolved": "https://registry.npmjs.org/hi-base32/-/hi-base32-0.5.1.tgz",
      "integrity": "sha512-EmBBpvdYh/4XxsnUybsPag6VikPYnN30td+vQk+GI3qpahVEG9+gTkG0aXVxTjBqQ5T6ijbWIu77O+C5WFWsnA==",
      "license": "MIT"
    },
    "node_modules/tweetnacl": {
      "version": "1.0.3",
      "resolved": "https://registry.npmjs.org/tweetnacl/-/tweetnacl-1.0.3.tgz",
      "integrity": "sha512-6rt+RN7aOi1nGMyC4Xa5DdYiukl2UWCbcJft7YhxReBGQD7OAM8Pbxw6YMo4r2diNEA8FEmu32YOn9rhaiE5yw==",
      "license": "Unlicense"
    }
  }
}
